# This file is automatically @generated by Cargo.
# It is not intended for manual editing.
version = 4

[[package]]
name = "landfall-cli"
version = "0.1.0"
dependencies = [
 "landfall-server",
]

[[package]]
name = "landfall-core"
version = "0.1.0"
dependencies = [
 "landfall-protocol",
]

[[package]]
name = "landfall-observer"
version = "0.1.0"
dependencies = [
 "landfall-core",
 "landfall-protocol",
]

[[package]]
name = "landfall-protocol"
version = "0.1.0"

[[package]]
name = "landfall-report"
version = "0.1.0"
dependencies = [
 "landfall-core",
 "landfall-protocol",
]

[[package]]
name = "landfall-server"
version = "0.1.0"
dependencies = [
 "landfall-core",
 "landfall-observer",
 "landfall-protocol",
 "landfall-report",
 "landfall-storage",
]

[[package]]
name = "landfall-storage"
version = "0.1.0"
dependencies = [
 "landfall-core",
 "landfall-protocol",
]
